
Microsoft Visual Studio Solution File, Format Version 12.00
# Visual Studio Version 16
VisualStudioVersion = 16.0.33130.400
MinimumVisualStudioVersion = 10.0.40219.1
Project("{FAE04EC0-301F-11D3-BF4B-00C04F79EFBC}") = "SEMANA10", "SEMANA10\SEMANA10.csproj", "{778C397F-D8ED-4305-8D7B-D242ABE9FAA3}"
EndProject
Global
	GlobalSection(SolutionConfigurationPlatforms) = preSolution
		Debug|Any CPU = Debug|Any CPU
		Release|Any CPU = Release|Any CPU
	EndGlobalSection
	GlobalSection(ProjectConfigurationPlatforms) = postSolution
		{778C397F-D8ED-4305-8D7B-D242ABE9FAA3}.Debug|Any CPU.ActiveCfg = Debug|Any CPU
		{778C397F-D8ED-4305-8D7B-D242ABE9FAA3}.Debug|Any CPU.Build.0 = Debug|Any CPU
		{778C397F-D8ED-4305-8D7B-D242ABE9FAA3}.Release|Any CPU.ActiveCfg = Release|Any CPU
		{778C397F-D8ED-4305-8D7B-D242ABE9FAA3}.Release|Any CPU.Build.0 = Release|Any CPU
	EndGlobalSection
	GlobalSection(SolutionProperties) = preSolution
		HideSolutionNode = FALSE
	EndGlobalSection
	GlobalSection(ExtensibilityGlobals) = postSolution
		SolutionGuid = {6D1690A0-607D-42E7-9DA8-D4D3939B9329}
	EndGlobalSection
EndGlobal
